<?xml version="1.0" encoding="utf-8"?>
<Project ToolsVersion="4.0" xmlns="http://schemas.microsoft.com/developer/msbuild/2003">
  <ItemGroup>
    <Filter Include="资源文件">
      <UniqueIdentifier>{67DA6AB6-F800-4c08-8B7A-83BB121AAD01}</UniqueIdentifier>
      <Extensions>rc;ico;cur;bmp;dlg;rc2;rct;bin;rgs;gif;jpg;jpeg;jpe;resx;tiff;tif;png;wav;mfcribbon-ms</Extensions>
    </Filter>
    <Filter Include="Source">
      <UniqueIdentifier>{f6e850ef-7239-4fca-8f08-be95f762bac6}</UniqueIdentifier>
    </Filter>
    <Filter Include="Source\Math">
      <UniqueIdentifier>{763c4d2f-6941-482f-891b-22fd2eb387bf}</UniqueIdentifier>
    </Filter>
    <Filter Include="Source\D3D12">
      <UniqueIdentifier>{6dfa7c01-fe57-404b-a43f-4b2f77c44d26}</UniqueIdentifier>
    </Filter>
    <Filter Include="Source\Utils">
      <UniqueIdentifier>{af621267-a0fa-4f0f-b6dd-1a16980c3fdd}</UniqueIdentifier>
    </Filter>
    <Filter Include="Source\Texture">
      <UniqueIdentifier>{9b7b32ec-0bb5-4cbc-b561-43a36b88cdb3}</UniqueIdentifier>
    </Filter>
    <Filter Include="Source\Shader">
      <UniqueIdentifier>{1d662931-5b90-4e77-9ba3-e8aa1abd7b12}</UniqueIdentifier>
    </Filter>
    <Filter Include="Source\File">
      <UniqueIdentifier>{e5b8a2b1-c123-4319-a5c9-0846d8e5781e}</UniqueIdentifier>
    </Filter>
    <Filter Include="Source\Render">
      <UniqueIdentifier>{8ae1255f-e901-414e-add3-d9358e9485f7}</UniqueIdentifier>
    </Filter>
    <Filter Include="Source\Mesh">
      <UniqueIdentifier>{e0518bb0-ab0c-4016-8ae8-0f456d601a0b}</UniqueIdentifier>
    </Filter>
    <Filter Include="Source\TextureLoader">
      <UniqueIdentifier>{a0a680cb-315a-41b7-9bc4-a634d8465bd0}</UniqueIdentifier>
    </Filter>
    <Filter Include="Source\Material">
      <UniqueIdentifier>{4ebf7dfe-2644-49cb-b04c-951929a6a210}</UniqueIdentifier>
    </Filter>
  </ItemGroup>
  <ItemGroup>
    <ClInclude Include="Source\Math\Vector4.h">
      <Filter>Source\Math</Filter>
    </ClInclude>
    <ClInclude Include="Source\Math\Vector3.h">
      <Filter>Source\Math</Filter>
    </ClInclude>
    <ClInclude Include="Source\Math\Vector2.h">
      <Filter>Source\Math</Filter>
    </ClInclude>
    <ClInclude Include="Source\Math\Transform.h">
      <Filter>Source\Math</Filter>
    </ClInclude>
    <ClInclude Include="Source\Math\Matrix.h">
      <Filter>Source\Math</Filter>
    </ClInclude>
    <ClInclude Include="Source\Math\Math.h">
      <Filter>Source\Math</Filter>
    </ClInclude>
    <ClInclude Include="Source\Math\IntPoint.h">
      <Filter>Source\Math</Filter>
    </ClInclude>
    <ClInclude Include="Source\D3D12\d3dx12.h">
      <Filter>Source\D3D12</Filter>
    </ClInclude>
    <ClInclude Include="Source\D3D12\D3D12Utils.h">
      <Filter>Source\D3D12</Filter>
    </ClInclude>
    <ClInclude Include="Source\D3D12\D3D12Resource.h">
      <Filter>Source\D3D12</Filter>
    </ClInclude>
    <ClInclude Include="Source\D3D12\D3D12MemoryAllocator.h">
      <Filter>Source\D3D12</Filter>
    </ClInclude>
    <ClInclude Include="Source\Utils\PlatformHelpers.h">
      <Filter>Source\Utils</Filter>
    </ClInclude>
    <ClInclude Include="Source\D3D12\D3D12HeapSlotAllocator.h">
      <Filter>Source\D3D12</Filter>
    </ClInclude>
    <ClInclude Include="Source\D3D12\D3D12Device.h">
      <Filter>Source\D3D12</Filter>
    </ClInclude>
    <ClInclude Include="Source\D3D12\D3D12CommandContext.h">
      <Filter>Source\D3D12</Filter>
    </ClInclude>
    <ClInclude Include="Source\D3D12\D3D12DescriptorCache.h">
      <Filter>Source\D3D12</Filter>
    </ClInclude>
    <ClInclude Include="Source\Texture\TextureInfo.h">
      <Filter>Source\Texture</Filter>
    </ClInclude>
    <ClInclude Include="Source\D3D12\D3D12RHI.h">
      <Filter>Source\D3D12</Filter>
    </ClInclude>
    <ClInclude Include="Source\D3D12\D3D12View.h">
      <Filter>Source\D3D12</Filter>
    </ClInclude>
    <ClInclude Include="Source\D3D12\D3D12Buffer.h">
      <Filter>Source\D3D12</Filter>
    </ClInclude>
    <ClInclude Include="Source\D3D12\D3D12Texture.h">
      <Filter>Source\D3D12</Filter>
    </ClInclude>
    <ClInclude Include="Source\D3D12\D3D12Viewport.h">
      <Filter>Source\D3D12</Filter>
    </ClInclude>
    <ClInclude Include="Source\Shader\Shader.h">
      <Filter>Source\Shader</Filter>
    </ClInclude>
    <ClInclude Include="Source\Utils\FormatConvert.h">
      <Filter>Source\Utils</Filter>
    </ClInclude>
    <ClInclude Include="Source\File\FileHelpers.h">
      <Filter>Source\File</Filter>
    </ClInclude>
    <ClInclude Include="Source\Render\InputLayout.h">
      <Filter>Source\Render</Filter>
    </ClInclude>
    <ClInclude Include="Source\Render\PSO.h">
      <Filter>Source\Render</Filter>
    </ClInclude>
    <ClInclude Include="Source\Mesh\Color.h">
      <Filter>Source\Mesh</Filter>
    </ClInclude>
    <ClInclude Include="Source\Mesh\Vertex.h">
      <Filter>Source\Mesh</Filter>
    </ClInclude>
    <ClInclude Include="Source\Mesh\Ray.h">
      <Filter>Source\Mesh</Filter>
    </ClInclude>
    <ClInclude Include="Source\TextureLoader\WICTextureLoader.h">
      <Filter>Source\TextureLoader</Filter>
    </ClInclude>
    <ClInclude Include="Source\TextureLoader\stb_image.h">
      <Filter>Source\TextureLoader</Filter>
    </ClInclude>
    <ClInclude Include="Source\TextureLoader\LoaderHelpers.h">
      <Filter>Source\TextureLoader</Filter>
    </ClInclude>
    <ClInclude Include="Source\TextureLoader\HDRTextureLoader.h">
      <Filter>Source\TextureLoader</Filter>
    </ClInclude>
    <ClInclude Include="Source\TextureLoader\DDSTextureLoader.h">
      <Filter>Source\TextureLoader</Filter>
    </ClInclude>
    <ClInclude Include="Source\TextureLoader\DDS.h">
      <Filter>Source\TextureLoader</Filter>
    </ClInclude>
    <ClInclude Include="Source\File\PlatformHelpers.h">
      <Filter>Source\File</Filter>
    </ClInclude>
    <ClInclude Include="Source\Texture\Texture.h">
      <Filter>Source\Texture</Filter>
    </ClInclude>
    <ClInclude Include="Source\Texture\TextureRepository.h">
      <Filter>Source\Texture</Filter>
    </ClInclude>
    <ClInclude Include="Source\Mesh\BoundingBox.h">
      <Filter>Source\Mesh</Filter>
    </ClInclude>
    <ClInclude Include="Source\Mesh\Mesh.h">
      <Filter>Source\Mesh</Filter>
    </ClInclude>
    <ClInclude Include="Source\Mesh\FbxLoader.h">
      <Filter>Source\Mesh</Filter>
    </ClInclude>
    <ClInclude Include="Source\Mesh\MeshRepository.h">
      <Filter>Source\Mesh</Filter>
    </ClInclude>
    <ClInclude Include="Source\Mesh\Primitive.h">
      <Filter>Source\Mesh</Filter>
    </ClInclude>
    <ClInclude Include="Source\Material\Material.h">
      <Filter>Source\Material</Filter>
    </ClInclude>
    <ClInclude Include="Source\Material\MaterialInstance.h">
      <Filter>Source\Material</Filter>
    </ClInclude>
    <ClInclude Include="Source\Material\MaterialRepository.h">
      <Filter>Source\Material</Filter>
    </ClInclude>
    <ClInclude Include="Source\Render\RenderProxy.h">
      <Filter>Source\Render</Filter>
    </ClInclude>
  </ItemGroup>
  <ItemGroup>
    <ClCompile Include="Source\Math\Transform.cpp">
      <Filter>Source\Math</Filter>
    </ClCompile>
    <ClCompile Include="Source\Math\Math.cpp">
      <Filter>Source\Math</Filter>
    </ClCompile>
    <ClCompile Include="Source\D3D12\D3D12Utils.cpp">
      <Filter>Source\D3D12</Filter>
    </ClCompile>
    <ClCompile Include="Source\D3D12\D3D12Resource.cpp">
      <Filter>Source\D3D12</Filter>
    </ClCompile>
    <ClCompile Include="Source\D3D12\D3D12MemoryAllocator.cpp">
      <Filter>Source\D3D12</Filter>
    </ClCompile>
    <ClCompile Include="Source\D3D12\D3D12HeapSlotAllocator.cpp">
      <Filter>Source\D3D12</Filter>
    </ClCompile>
    <ClCompile Include="Source\D3D12\D3D12CommandContext.cpp">
      <Filter>Source\D3D12</Filter>
    </ClCompile>
    <ClCompile Include="Source\D3D12\D3D12DescriptorCache.cpp">
      <Filter>Source\D3D12</Filter>
    </ClCompile>
    <ClCompile Include="Source\D3D12\D3D12Device.cpp">
      <Filter>Source\D3D12</Filter>
    </ClCompile>
    <ClCompile Include="Source\D3D12\D3D12View.cpp">
      <Filter>Source\D3D12</Filter>
    </ClCompile>
    <ClCompile Include="Source\D3D12\D3D12Viewport.cpp">
      <Filter>Source\D3D12</Filter>
    </ClCompile>
    <ClCompile Include="Source\D3D12\D3D12Buffer.cpp">
      <Filter>Source\D3D12</Filter>
    </ClCompile>
    <ClCompile Include="Source\D3D12\D3D12RHI.cpp">
      <Filter>Source\D3D12</Filter>
    </ClCompile>
    <ClCompile Include="Source\D3D12\D3D12Texture.cpp">
      <Filter>Source\D3D12</Filter>
    </ClCompile>
    <ClCompile Include="Source\Shader\Shader.cpp">
      <Filter>Source\Shader</Filter>
    </ClCompile>
    <ClCompile Include="Source\Render\InputLayout.cpp">
      <Filter>Source\Render</Filter>
    </ClCompile>
    <ClCompile Include="Source\Render\PSO.cpp">
      <Filter>Source\Render</Filter>
    </ClCompile>
    <ClCompile Include="Source\Mesh\Color.cpp">
      <Filter>Source\Mesh</Filter>
    </ClCompile>
    <ClCompile Include="Source\TextureLoader\WICTextureLoader.cpp">
      <Filter>Source\TextureLoader</Filter>
    </ClCompile>
    <ClCompile Include="Source\TextureLoader\HDRTextureLoader.cpp">
      <Filter>Source\TextureLoader</Filter>
    </ClCompile>
    <ClCompile Include="Source\TextureLoader\DDSTextureLoader.cpp">
      <Filter>Source\TextureLoader</Filter>
    </ClCompile>
    <ClCompile Include="Source\Texture\Texture.cpp">
      <Filter>Source\Texture</Filter>
    </ClCompile>
    <ClCompile Include="Source\Texture\TextureRepository.cpp">
      <Filter>Source\Texture</Filter>
    </ClCompile>
    <ClCompile Include="Source\Mesh\BoundingBox.cpp">
      <Filter>Source\Mesh</Filter>
    </ClCompile>
    <ClCompile Include="Source\Mesh\Mesh.cpp">
      <Filter>Source\Mesh</Filter>
    </ClCompile>
    <ClCompile Include="Source\Mesh\FbxLoader.cpp">
      <Filter>Source\Mesh</Filter>
    </ClCompile>
    <ClCompile Include="Source\Mesh\MeshRepository.cpp">
      <Filter>Source\Mesh</Filter>
    </ClCompile>
    <ClCompile Include="Source\Mesh\Primitive.cpp">
      <Filter>Source\Mesh</Filter>
    </ClCompile>
    <ClCompile Include="Source\Material\Material.cpp">
      <Filter>Source\Material</Filter>
    </ClCompile>
    <ClCompile Include="Source\Material\MaterialInstance.cpp">
      <Filter>Source\Material</Filter>
    </ClCompile>
    <ClCompile Include="Source\Material\MaterialRepository.cpp">
      <Filter>Source\Material</Filter>
    </ClCompile>
  </ItemGroup>
</Project>